
Microsoft Visual Studio Solution File, Format Version 12.00
# Visual Studio Version 17
VisualStudioVersion = 17.8.34330.188
MinimumVisualStudioVersion = 10.0.40219.1
Project("{9A19103F-16F7-4668-BE54-9A1E7A4F7556}") = "Lesson1", "Lesson1\Lesson1.csproj", "{989A3B47-CBEC-4732-8282-16357CC4A065}"
EndProject
Project("{9A19103F-16F7-4668-BE54-9A1E7A4F7556}") = "Lesson2", "Part1\Lesson2.csproj", "{9A5F2AD7-B956-499E-B47E-F15E179E5772}"
EndProject
Project("{FAE04EC0-301F-11D3-BF4B-00C04F79EFBC}") = "Lesson3", "Lesson3\Lesson3.csproj", "{3DD132F1-D7A2-4E94-8F51-BC09231D0B74}"
EndProject
Project("{FAE04EC0-301F-11D3-BF4B-00C04F79EFBC}") = "Lesson4", "Lesson4\Lesson4.csproj", "{079B554C-9772-4277-B1AD-E6638D73B9D2}"
EndProject
Global
	GlobalSection(SolutionConfigurationPlatforms) = preSolution
		Debug|Any CPU = Debug|Any CPU
		Release|Any CPU = Release|Any CPU
	EndGlobalSection
	GlobalSection(ProjectConfigurationPlatforms) = postSolution
		{989A3B47-CBEC-4732-8282-16357CC4A065}.Debug|Any CPU.ActiveCfg = Debug|Any CPU
		{989A3B47-CBEC-4732-8282-16357CC4A065}.Debug|Any CPU.Build.0 = Debug|Any CPU
		{989A3B47-CBEC-4732-8282-16357CC4A065}.Release|Any CPU.ActiveCfg = Release|Any CPU
		{989A3B47-CBEC-4732-8282-16357CC4A065}.Release|Any CPU.Build.0 = Release|Any CPU
		{9A5F2AD7-B956-499E-B47E-F15E179E5772}.Debug|Any CPU.ActiveCfg = Debug|Any CPU
		{9A5F2AD7-B956-499E-B47E-F15E179E5772}.Debug|Any CPU.Build.0 = Debug|Any CPU
		{9A5F2AD7-B956-499E-B47E-F15E179E5772}.Release|Any CPU.ActiveCfg = Release|Any CPU
		{9A5F2AD7-B956-499E-B47E-F15E179E5772}.Release|Any CPU.Build.0 = Release|Any CPU
		{3DD132F1-D7A2-4E94-8F51-BC09231D0B74}.Debug|Any CPU.ActiveCfg = Debug|Any CPU
		{3DD132F1-D7A2-4E94-8F51-BC09231D0B74}.Debug|Any CPU.Build.0 = Debug|Any CPU
		{3DD132F1-D7A2-4E94-8F51-BC09231D0B74}.Release|Any CPU.ActiveCfg = Release|Any CPU
		{3DD132F1-D7A2-4E94-8F51-BC09231D0B74}.Release|Any CPU.Build.0 = Release|Any CPU
		{079B554C-9772-4277-B1AD-E6638D73B9D2}.Debug|Any CPU.ActiveCfg = Debug|Any CPU
		{079B554C-9772-4277-B1AD-E6638D73B9D2}.Debug|Any CPU.Build.0 = Debug|Any CPU
		{079B554C-9772-4277-B1AD-E6638D73B9D2}.Release|Any CPU.ActiveCfg = Release|Any CPU
		{079B554C-9772-4277-B1AD-E6638D73B9D2}.Release|Any CPU.Build.0 = Release|Any CPU
	EndGlobalSection
	GlobalSection(SolutionProperties) = preSolution
		HideSolutionNode = FALSE
	EndGlobalSection
	GlobalSection(ExtensibilityGlobals) = postSolution
		SolutionGuid = {34D1FEA6-8F01-48F4-9FC1-D85A627520AE}
	EndGlobalSection
EndGlobal
