
Microsoft Visual Studio Solution File, Format Version 12.00
# Visual Studio Version 17
VisualStudioVersion = 17.8.34330.188
MinimumVisualStudioVersion = 10.0.40219.1
Project("{9A19103F-16F7-4668-BE54-9A1E7A4F7556}") = "Lesson1", "Lesson1\Lesson1.csproj", "{989A3B47-CBEC-4732-8282-16357CC4A065}"
EndProject
Project("{9A19103F-16F7-4668-BE54-9A1E7A4F7556}") = "Lesson2", "Part1\Lesson2.csproj", "{9A5F2AD7-B956-499E-B47E-F15E179E5772}"
EndProject
Project("{FAE04EC0-301F-11D3-BF4B-00C04F79EFBC}") = "Lesson3", "Lesson3\Lesson3.csproj", "{3DD132F1-D7A2-4E94-8F51-BC09231D0B74}"
EndProject
Project("{FAE04EC0-301F-11D3-BF4B-00C04F79EFBC}") = "Lesson4", "Lesson4\Lesson4.csproj", "{079B554C-9772-4277-B1AD-E6638D73B9D2}"
EndProject
Project("{FAE04EC0-301F-11D3-BF4B-00C04F79EFBC}") = "Lesson5", "Lesson5\Lesson5.csproj", "{592AC363-5452-4018-BB84-3B56796742A7}"
EndProject
Project("{FAE04EC0-301F-11D3-BF4B-00C04F79EFBC}") = "Lesson6", "Lesson6\Lesson6.csproj", "{5E6A5A8E-D38F-46D1-BF06-611E9A658400}"
EndProject
Project("{FAE04EC0-301F-11D3-BF4B-00C04F79EFBC}") = "Lesson7", "Lesson7\Lesson7.csproj", "{16F1769C-1B73-459A-9F03-4760577CEFF0}"
EndProject
Project("{FAE04EC0-301F-11D3-BF4B-00C04F79EFBC}") = "Lesson8", "Lesson8\Lesson8.csproj", "{D48AE401-A8ED-435A-81E4-9ABA3E487660}"
EndProject
Project("{FAE04EC0-301F-11D3-BF4B-00C04F79EFBC}") = "Lesson9", "Lesson9\Lesson9.csproj", "{A1435354-2C11-4D74-8165-45FD53AD2246}"
EndProject
Global
	GlobalSection(SolutionConfigurationPlatforms) = preSolution
		Debug|Any CPU = Debug|Any CPU
		Release|Any CPU = Release|Any CPU
	EndGlobalSection
	GlobalSection(ProjectConfigurationPlatforms) = postSolution
		{989A3B47-CBEC-4732-8282-16357CC4A065}.Debug|Any CPU.ActiveCfg = Debug|Any CPU
		{989A3B47-CBEC-4732-8282-16357CC4A065}.Debug|Any CPU.Build.0 = Debug|Any CPU
		{989A3B47-CBEC-4732-8282-16357CC4A065}.Release|Any CPU.ActiveCfg = Release|Any CPU
		{989A3B47-CBEC-4732-8282-16357CC4A065}.Release|Any CPU.Build.0 = Release|Any CPU
		{9A5F2AD7-B956-499E-B47E-F15E179E5772}.Debug|Any CPU.ActiveCfg = Debug|Any CPU
		{9A5F2AD7-B956-499E-B47E-F15E179E5772}.Debug|Any CPU.Build.0 = Debug|Any CPU
		{9A5F2AD7-B956-499E-B47E-F15E179E5772}.Release|Any CPU.ActiveCfg = Release|Any CPU
		{9A5F2AD7-B956-499E-B47E-F15E179E5772}.Release|Any CPU.Build.0 = Release|Any CPU
		{3DD132F1-D7A2-4E94-8F51-BC09231D0B74}.Debug|Any CPU.ActiveCfg = Debug|Any CPU
		{3DD132F1-D7A2-4E94-8F51-BC09231D0B74}.Debug|Any CPU.Build.0 = Debug|Any CPU
		{3DD132F1-D7A2-4E94-8F51-BC09231D0B74}.Release|Any CPU.ActiveCfg = Release|Any CPU
		{3DD132F1-D7A2-4E94-8F51-BC09231D0B74}.Release|Any CPU.Build.0 = Release|Any CPU
		{079B554C-9772-4277-B1AD-E6638D73B9D2}.Debug|Any CPU.ActiveCfg = Debug|Any CPU
		{079B554C-9772-4277-B1AD-E6638D73B9D2}.Debug|Any CPU.Build.0 = Debug|Any CPU
		{079B554C-9772-4277-B1AD-E6638D73B9D2}.Release|Any CPU.ActiveCfg = Release|Any CPU
		{079B554C-9772-4277-B1AD-E6638D73B9D2}.Release|Any CPU.Build.0 = Release|Any CPU
		{592AC363-5452-4018-BB84-3B56796742A7}.Debug|Any CPU.ActiveCfg = Debug|Any CPU
		{592AC363-5452-4018-BB84-3B56796742A7}.Debug|Any CPU.Build.0 = Debug|Any CPU
		{592AC363-5452-4018-BB84-3B56796742A7}.Release|Any CPU.ActiveCfg = Release|Any CPU
		{592AC363-5452-4018-BB84-3B56796742A7}.Release|Any CPU.Build.0 = Release|Any CPU
		{5E6A5A8E-D38F-46D1-BF06-611E9A658400}.Debug|Any CPU.ActiveCfg = Debug|Any CPU
		{5E6A5A8E-D38F-46D1-BF06-611E9A658400}.Debug|Any CPU.Build.0 = Debug|Any CPU
		{5E6A5A8E-D38F-46D1-BF06-611E9A658400}.Release|Any CPU.ActiveCfg = Release|Any CPU
		{5E6A5A8E-D38F-46D1-BF06-611E9A658400}.Release|Any CPU.Build.0 = Release|Any CPU
		{16F1769C-1B73-459A-9F03-4760577CEFF0}.Debug|Any CPU.ActiveCfg = Debug|Any CPU
		{16F1769C-1B73-459A-9F03-4760577CEFF0}.Debug|Any CPU.Build.0 = Debug|Any CPU
		{16F1769C-1B73-459A-9F03-4760577CEFF0}.Release|Any CPU.ActiveCfg = Release|Any CPU
		{16F1769C-1B73-459A-9F03-4760577CEFF0}.Release|Any CPU.Build.0 = Release|Any CPU
		{D48AE401-A8ED-435A-81E4-9ABA3E487660}.Debug|Any CPU.ActiveCfg = Debug|Any CPU
		{D48AE401-A8ED-435A-81E4-9ABA3E487660}.Debug|Any CPU.Build.0 = Debug|Any CPU
		{D48AE401-A8ED-435A-81E4-9ABA3E487660}.Release|Any CPU.ActiveCfg = Release|Any CPU
		{D48AE401-A8ED-435A-81E4-9ABA3E487660}.Release|Any CPU.Build.0 = Release|Any CPU
		{A1435354-2C11-4D74-8165-45FD53AD2246}.Debug|Any CPU.ActiveCfg = Debug|Any CPU
		{A1435354-2C11-4D74-8165-45FD53AD2246}.Debug|Any CPU.Build.0 = Debug|Any CPU
		{A1435354-2C11-4D74-8165-45FD53AD2246}.Release|Any CPU.ActiveCfg = Release|Any CPU
		{A1435354-2C11-4D74-8165-45FD53AD2246}.Release|Any CPU.Build.0 = Release|Any CPU
	EndGlobalSection
	GlobalSection(SolutionProperties) = preSolution
		HideSolutionNode = FALSE
	EndGlobalSection
	GlobalSection(ExtensibilityGlobals) = postSolution
		SolutionGuid = {34D1FEA6-8F01-48F4-9FC1-D85A627520AE}
	EndGlobalSection
EndGlobal
